
Microsoft Visual Studio Solution File, Format Version 12.00
# Visual Studio Version 17
VisualStudioVersion = 17.9.34728.123
MinimumVisualStudioVersion = 10.0.40219.1
Project("{FAE04EC0-301F-11D3-BF4B-00C04F79EFBC}") = "CDNUsersUI", "CDNUsersUI\CDNUsersUI.csproj", "{CF796BF3-9AC0-433E-BB97-73155F4970D3}"
EndProject
Project("{9A19103F-16F7-4668-BE54-9A1E7A4F7556}") = "CDNUsersAPI", "..\CDNUsersAPI\CDNUsersAPI\CDNUsersAPI.csproj", "{DD8E11AA-FE38-4751-B313-4AB22EC28E1E}"
EndProject
Global
	GlobalSection(SolutionConfigurationPlatforms) = preSolution
		Debug|Any CPU = Debug|Any CPU
		Release|Any CPU = Release|Any CPU
	EndGlobalSection
	GlobalSection(ProjectConfigurationPlatforms) = postSolution
		{CF796BF3-9AC0-433E-BB97-73155F4970D3}.Debug|Any CPU.ActiveCfg = Debug|Any CPU
		{CF796BF3-9AC0-433E-BB97-73155F4970D3}.Debug|Any CPU.Build.0 = Debug|Any CPU
		{CF796BF3-9AC0-433E-BB97-73155F4970D3}.Release|Any CPU.ActiveCfg = Release|Any CPU
		{CF796BF3-9AC0-433E-BB97-73155F4970D3}.Release|Any CPU.Build.0 = Release|Any CPU
		{DD8E11AA-FE38-4751-B313-4AB22EC28E1E}.Debug|Any CPU.ActiveCfg = Debug|Any CPU
		{DD8E11AA-FE38-4751-B313-4AB22EC28E1E}.Debug|Any CPU.Build.0 = Debug|Any CPU
		{DD8E11AA-FE38-4751-B313-4AB22EC28E1E}.Release|Any CPU.ActiveCfg = Release|Any CPU
		{DD8E11AA-FE38-4751-B313-4AB22EC28E1E}.Release|Any CPU.Build.0 = Release|Any CPU
	EndGlobalSection
	GlobalSection(SolutionProperties) = preSolution
		HideSolutionNode = FALSE
	EndGlobalSection
	GlobalSection(ExtensibilityGlobals) = postSolution
		SolutionGuid = {AAF9AE36-E7A3-4546-996F-E0D1E78E80CA}
	EndGlobalSection
EndGlobal
